apiVersion: vendir.k14s.io/v1alpha1
directories:
- contents:
  - git:
      commitTitle: 'Merge pull request #53 from rptaylor/20241030-kvcp-seccon...'
      sha: 859474c5bae2ba00c2e2f8898c4f594848c459a1
      tags:
      - kube-vip-cloud-provider-0.2.5
    path: kube-vip-cloud-provider
  path: vendor
- contents:
  - directory: {}
    path: .
  path: helm
kind: LockConfig
