apiVersion: vendir.k14s.io/v1alpha1
directories:
- contents:
  - git:
      commitTitle: 'Merge pull request #16 from yaocw2020/deployment...'
      sha: e78013ed93372448ea5d507a4eb1350344fb8ec5
      tags:
      - kube-vip-cloud-provider-0.2.2
    path: kube-vip-cloud-provider
  path: helm
kind: LockConfig
